
Microsoft Visual Studio Solution File, Format Version 12.00
# Visual Studio 15
VisualStudioVersion = 15.0.26730.10
MinimumVisualStudioVersion = 10.0.40219.1
Project("{FAE04EC0-301F-11D3-BF4B-00C04F79EFBC}") = "EPOv2", "EPOv2\EPOv2.csproj", "{6CCA49D3-C240-47B6-91FB-0CA52AE1AD7B}"
EndProject
Project("{FAE04EC0-301F-11D3-BF4B-00C04F79EFBC}") = "DomainModel", "DomainModel\DomainModel.csproj", "{9B46BDB4-DFE9-41B0-BC4C-88D026945CCD}"
EndProject
Project("{FAE04EC0-301F-11D3-BF4B-00C04F79EFBC}") = "Repositories", "Repositories\Repositories.csproj", "{A1D9326F-6BBC-4D65-B6A8-460D3A497107}"
EndProject
Project("{FAE04EC0-301F-11D3-BF4B-00C04F79EFBC}") = "EPOv2.Repositories.Interfaces", "EPOv2.Repositories.Interfaces\EPOv2.Repositories.Interfaces.csproj", "{14ABADD9-5010-41C8-8D38-E7C808DC1E80}"
EndProject
Project("{FAE04EC0-301F-11D3-BF4B-00C04F79EFBC}") = "Interfaces", "Interfaces\Interfaces.csproj", "{9636C16F-53E3-478C-A8D2-EF5A0F903BBA}"
EndProject
Project("{FAE04EC0-301F-11D3-BF4B-00C04F79EFBC}") = "EPOv2.Business", "EPOv2.Business\EPOv2.Business.csproj", "{B68F3C0C-C24C-49E6-86BA-6336BCB984DD}"
EndProject
Project("{FAE04EC0-301F-11D3-BF4B-00C04F79EFBC}") = "EPOv2.Business.Interfaces", "EPOv2.Business.Interfaces\EPOv2.Business.Interfaces.csproj", "{34884960-02C8-4885-B49F-3CD76DECE69A}"
EndProject
Project("{FAE04EC0-301F-11D3-BF4B-00C04F79EFBC}") = "EPOv2.ViewModels", "EPOv2.ViewModels\EPOv2.ViewModels.csproj", "{4128D554-085C-48FB-A3AE-3DC2110BB894}"
EndProject
Project("{FAE04EC0-301F-11D3-BF4B-00C04F79EFBC}") = "Intranet", "Intranet\Intranet.csproj", "{9D442FAC-D712-450F-B58D-65C16DC4FBA4}"
EndProject
Project("{FAE04EC0-301F-11D3-BF4B-00C04F79EFBC}") = "EPOv2.DependencyResolver", "EPOv2.DependencyResolver\EPOv2.DependencyResolver.csproj", "{683322D9-A8D0-4C07-AB6F-2E58D52BFD76}"
EndProject
Project("{FAE04EC0-301F-11D3-BF4B-00C04F79EFBC}") = "Intranet.ViewModels", "Intranet.ViewModels\Intranet.ViewModels.csproj", "{74EEF41E-0D45-41FB-8D61-57EDAC43815C}"
EndProject
Project("{FAE04EC0-301F-11D3-BF4B-00C04F79EFBC}") = "EPOv2.UnitTest", "EPOv2.UnitTest\EPOv2.UnitTest.csproj", "{EFAF407E-E7CF-49DA-A95B-8A43E70E6FEA}"
EndProject
Global
	GlobalSection(SolutionConfigurationPlatforms) = preSolution
		Debug|Any CPU = Debug|Any CPU
		Debug|x86 = Debug|x86
		EPO-Release|Any CPU = EPO-Release|Any CPU
		EPO-Release|x86 = EPO-Release|x86
		Intranet-Release|Any CPU = Intranet-Release|Any CPU
		Intranet-Release|x86 = Intranet-Release|x86
		Release|Any CPU = Release|Any CPU
		Release|x86 = Release|x86
	EndGlobalSection
	GlobalSection(ProjectConfigurationPlatforms) = postSolution
		{6CCA49D3-C240-47B6-91FB-0CA52AE1AD7B}.Debug|Any CPU.ActiveCfg = Debug|x64
		{6CCA49D3-C240-47B6-91FB-0CA52AE1AD7B}.Debug|Any CPU.Build.0 = Debug|x64
		{6CCA49D3-C240-47B6-91FB-0CA52AE1AD7B}.Debug|x86.ActiveCfg = Debug|Any CPU
		{6CCA49D3-C240-47B6-91FB-0CA52AE1AD7B}.Debug|x86.Build.0 = Debug|Any CPU
		{6CCA49D3-C240-47B6-91FB-0CA52AE1AD7B}.EPO-Release|Any CPU.ActiveCfg = EPO-Release|Any CPU
		{6CCA49D3-C240-47B6-91FB-0CA52AE1AD7B}.EPO-Release|Any CPU.Build.0 = EPO-Release|Any CPU
		{6CCA49D3-C240-47B6-91FB-0CA52AE1AD7B}.EPO-Release|x86.ActiveCfg = EPO-Release|Any CPU
		{6CCA49D3-C240-47B6-91FB-0CA52AE1AD7B}.EPO-Release|x86.Build.0 = EPO-Release|Any CPU
		{6CCA49D3-C240-47B6-91FB-0CA52AE1AD7B}.Intranet-Release|Any CPU.ActiveCfg = Intranet-Release|Any CPU
		{6CCA49D3-C240-47B6-91FB-0CA52AE1AD7B}.Intranet-Release|x86.ActiveCfg = Intranet-Release|Any CPU
		{6CCA49D3-C240-47B6-91FB-0CA52AE1AD7B}.Intranet-Release|x86.Build.0 = Intranet-Release|Any CPU
		{6CCA49D3-C240-47B6-91FB-0CA52AE1AD7B}.Release|Any CPU.ActiveCfg = Release|Any CPU
		{6CCA49D3-C240-47B6-91FB-0CA52AE1AD7B}.Release|Any CPU.Build.0 = Release|Any CPU
		{6CCA49D3-C240-47B6-91FB-0CA52AE1AD7B}.Release|x86.ActiveCfg = Release|Any CPU
		{6CCA49D3-C240-47B6-91FB-0CA52AE1AD7B}.Release|x86.Build.0 = Release|Any CPU
		{9B46BDB4-DFE9-41B0-BC4C-88D026945CCD}.Debug|Any CPU.ActiveCfg = Debug|x64
		{9B46BDB4-DFE9-41B0-BC4C-88D026945CCD}.Debug|Any CPU.Build.0 = Debug|x64
		{9B46BDB4-DFE9-41B0-BC4C-88D026945CCD}.Debug|x86.ActiveCfg = Debug|Any CPU
		{9B46BDB4-DFE9-41B0-BC4C-88D026945CCD}.Debug|x86.Build.0 = Debug|Any CPU
		{9B46BDB4-DFE9-41B0-BC4C-88D026945CCD}.EPO-Release|Any CPU.ActiveCfg = EPO-Release|Any CPU
		{9B46BDB4-DFE9-41B0-BC4C-88D026945CCD}.EPO-Release|Any CPU.Build.0 = EPO-Release|Any CPU
		{9B46BDB4-DFE9-41B0-BC4C-88D026945CCD}.EPO-Release|x86.ActiveCfg = EPO-Release|x86
		{9B46BDB4-DFE9-41B0-BC4C-88D026945CCD}.EPO-Release|x86.Build.0 = EPO-Release|x86
		{9B46BDB4-DFE9-41B0-BC4C-88D026945CCD}.Intranet-Release|Any CPU.ActiveCfg = Intranet-Release|Any CPU
		{9B46BDB4-DFE9-41B0-BC4C-88D026945CCD}.Intranet-Release|Any CPU.Build.0 = Intranet-Release|Any CPU
		{9B46BDB4-DFE9-41B0-BC4C-88D026945CCD}.Intranet-Release|x86.ActiveCfg = Intranet-Release|x86
		{9B46BDB4-DFE9-41B0-BC4C-88D026945CCD}.Intranet-Release|x86.Build.0 = Intranet-Release|x86
		{9B46BDB4-DFE9-41B0-BC4C-88D026945CCD}.Release|Any CPU.ActiveCfg = Release|Any CPU
		{9B46BDB4-DFE9-41B0-BC4C-88D026945CCD}.Release|Any CPU.Build.0 = Release|Any CPU
		{9B46BDB4-DFE9-41B0-BC4C-88D026945CCD}.Release|x86.ActiveCfg = Release|x86
		{9B46BDB4-DFE9-41B0-BC4C-88D026945CCD}.Release|x86.Build.0 = Release|x86
		{A1D9326F-6BBC-4D65-B6A8-460D3A497107}.Debug|Any CPU.ActiveCfg = Debug|x64
		{A1D9326F-6BBC-4D65-B6A8-460D3A497107}.Debug|Any CPU.Build.0 = Debug|x64
		{A1D9326F-6BBC-4D65-B6A8-460D3A497107}.Debug|x86.ActiveCfg = Debug|Any CPU
		{A1D9326F-6BBC-4D65-B6A8-460D3A497107}.Debug|x86.Build.0 = Debug|Any CPU
		{A1D9326F-6BBC-4D65-B6A8-460D3A497107}.EPO-Release|Any CPU.ActiveCfg = EPO-Release|Any CPU
		{A1D9326F-6BBC-4D65-B6A8-460D3A497107}.EPO-Release|Any CPU.Build.0 = EPO-Release|Any CPU
		{A1D9326F-6BBC-4D65-B6A8-460D3A497107}.EPO-Release|x86.ActiveCfg = EPO-Release|Any CPU
		{A1D9326F-6BBC-4D65-B6A8-460D3A497107}.EPO-Release|x86.Build.0 = EPO-Release|Any CPU
		{A1D9326F-6BBC-4D65-B6A8-460D3A497107}.Intranet-Release|Any CPU.ActiveCfg = Intranet-Release|Any CPU
		{A1D9326F-6BBC-4D65-B6A8-460D3A497107}.Intranet-Release|Any CPU.Build.0 = Intranet-Release|Any CPU
		{A1D9326F-6BBC-4D65-B6A8-460D3A497107}.Intranet-Release|x86.ActiveCfg = Intranet-Release|Any CPU
		{A1D9326F-6BBC-4D65-B6A8-460D3A497107}.Intranet-Release|x86.Build.0 = Intranet-Release|Any CPU
		{A1D9326F-6BBC-4D65-B6A8-460D3A497107}.Release|Any CPU.ActiveCfg = Release|Any CPU
		{A1D9326F-6BBC-4D65-B6A8-460D3A497107}.Release|Any CPU.Build.0 = Release|Any CPU
		{A1D9326F-6BBC-4D65-B6A8-460D3A497107}.Release|x86.ActiveCfg = Release|Any CPU
		{A1D9326F-6BBC-4D65-B6A8-460D3A497107}.Release|x86.Build.0 = Release|Any CPU
		{14ABADD9-5010-41C8-8D38-E7C808DC1E80}.Debug|Any CPU.ActiveCfg = Debug|x64
		{14ABADD9-5010-41C8-8D38-E7C808DC1E80}.Debug|Any CPU.Build.0 = Debug|x64
		{14ABADD9-5010-41C8-8D38-E7C808DC1E80}.Debug|x86.ActiveCfg = Debug|Any CPU
		{14ABADD9-5010-41C8-8D38-E7C808DC1E80}.Debug|x86.Build.0 = Debug|Any CPU
		{14ABADD9-5010-41C8-8D38-E7C808DC1E80}.EPO-Release|Any CPU.ActiveCfg = EPO-Release|Any CPU
		{14ABADD9-5010-41C8-8D38-E7C808DC1E80}.EPO-Release|Any CPU.Build.0 = EPO-Release|Any CPU
		{14ABADD9-5010-41C8-8D38-E7C808DC1E80}.EPO-Release|x86.ActiveCfg = EPO-Release|Any CPU
		{14ABADD9-5010-41C8-8D38-E7C808DC1E80}.EPO-Release|x86.Build.0 = EPO-Release|Any CPU
		{14ABADD9-5010-41C8-8D38-E7C808DC1E80}.Intranet-Release|Any CPU.ActiveCfg = Intranet-Release|Any CPU
		{14ABADD9-5010-41C8-8D38-E7C808DC1E80}.Intranet-Release|Any CPU.Build.0 = Intranet-Release|Any CPU
		{14ABADD9-5010-41C8-8D38-E7C808DC1E80}.Intranet-Release|x86.ActiveCfg = Intranet-Release|Any CPU
		{14ABADD9-5010-41C8-8D38-E7C808DC1E80}.Intranet-Release|x86.Build.0 = Intranet-Release|Any CPU
		{14ABADD9-5010-41C8-8D38-E7C808DC1E80}.Release|Any CPU.ActiveCfg = Release|Any CPU
		{14ABADD9-5010-41C8-8D38-E7C808DC1E80}.Release|Any CPU.Build.0 = Release|Any CPU
		{14ABADD9-5010-41C8-8D38-E7C808DC1E80}.Release|x86.ActiveCfg = Release|Any CPU
		{14ABADD9-5010-41C8-8D38-E7C808DC1E80}.Release|x86.Build.0 = Release|Any CPU
		{9636C16F-53E3-478C-A8D2-EF5A0F903BBA}.Debug|Any CPU.ActiveCfg = Debug|x64
		{9636C16F-53E3-478C-A8D2-EF5A0F903BBA}.Debug|Any CPU.Build.0 = Debug|x64
		{9636C16F-53E3-478C-A8D2-EF5A0F903BBA}.Debug|x86.ActiveCfg = Debug|Any CPU
		{9636C16F-53E3-478C-A8D2-EF5A0F903BBA}.Debug|x86.Build.0 = Debug|Any CPU
		{9636C16F-53E3-478C-A8D2-EF5A0F903BBA}.EPO-Release|Any CPU.ActiveCfg = EPO-Release|Any CPU
		{9636C16F-53E3-478C-A8D2-EF5A0F903BBA}.EPO-Release|Any CPU.Build.0 = EPO-Release|Any CPU
		{9636C16F-53E3-478C-A8D2-EF5A0F903BBA}.EPO-Release|x86.ActiveCfg = EPO-Release|Any CPU
		{9636C16F-53E3-478C-A8D2-EF5A0F903BBA}.EPO-Release|x86.Build.0 = EPO-Release|Any CPU
		{9636C16F-53E3-478C-A8D2-EF5A0F903BBA}.Intranet-Release|Any CPU.ActiveCfg = Intranet-Release|Any CPU
		{9636C16F-53E3-478C-A8D2-EF5A0F903BBA}.Intranet-Release|Any CPU.Build.0 = Intranet-Release|Any CPU
		{9636C16F-53E3-478C-A8D2-EF5A0F903BBA}.Intranet-Release|x86.ActiveCfg = Intranet-Release|Any CPU
		{9636C16F-53E3-478C-A8D2-EF5A0F903BBA}.Intranet-Release|x86.Build.0 = Intranet-Release|Any CPU
		{9636C16F-53E3-478C-A8D2-EF5A0F903BBA}.Release|Any CPU.ActiveCfg = Release|Any CPU
		{9636C16F-53E3-478C-A8D2-EF5A0F903BBA}.Release|Any CPU.Build.0 = Release|Any CPU
		{9636C16F-53E3-478C-A8D2-EF5A0F903BBA}.Release|x86.ActiveCfg = Release|Any CPU
		{9636C16F-53E3-478C-A8D2-EF5A0F903BBA}.Release|x86.Build.0 = Release|Any CPU
		{B68F3C0C-C24C-49E6-86BA-6336BCB984DD}.Debug|Any CPU.ActiveCfg = Debug|x64
		{B68F3C0C-C24C-49E6-86BA-6336BCB984DD}.Debug|Any CPU.Build.0 = Debug|x64
		{B68F3C0C-C24C-49E6-86BA-6336BCB984DD}.Debug|x86.ActiveCfg = Debug|Any CPU
		{B68F3C0C-C24C-49E6-86BA-6336BCB984DD}.Debug|x86.Build.0 = Debug|Any CPU
		{B68F3C0C-C24C-49E6-86BA-6336BCB984DD}.EPO-Release|Any CPU.ActiveCfg = EPO-Release|Any CPU
		{B68F3C0C-C24C-49E6-86BA-6336BCB984DD}.EPO-Release|Any CPU.Build.0 = EPO-Release|Any CPU
		{B68F3C0C-C24C-49E6-86BA-6336BCB984DD}.EPO-Release|x86.ActiveCfg = EPO-Release|Any CPU
		{B68F3C0C-C24C-49E6-86BA-6336BCB984DD}.EPO-Release|x86.Build.0 = EPO-Release|Any CPU
		{B68F3C0C-C24C-49E6-86BA-6336BCB984DD}.Intranet-Release|Any CPU.ActiveCfg = Intranet-Release|Any CPU
		{B68F3C0C-C24C-49E6-86BA-6336BCB984DD}.Intranet-Release|Any CPU.Build.0 = Intranet-Release|Any CPU
		{B68F3C0C-C24C-49E6-86BA-6336BCB984DD}.Intranet-Release|x86.ActiveCfg = Intranet-Release|Any CPU
		{B68F3C0C-C24C-49E6-86BA-6336BCB984DD}.Intranet-Release|x86.Build.0 = Intranet-Release|Any CPU
		{B68F3C0C-C24C-49E6-86BA-6336BCB984DD}.Release|Any CPU.ActiveCfg = Release|Any CPU
		{B68F3C0C-C24C-49E6-86BA-6336BCB984DD}.Release|Any CPU.Build.0 = Release|Any CPU
		{B68F3C0C-C24C-49E6-86BA-6336BCB984DD}.Release|x86.ActiveCfg = Release|Any CPU
		{B68F3C0C-C24C-49E6-86BA-6336BCB984DD}.Release|x86.Build.0 = Release|Any CPU
		{34884960-02C8-4885-B49F-3CD76DECE69A}.Debug|Any CPU.ActiveCfg = Debug|x64
		{34884960-02C8-4885-B49F-3CD76DECE69A}.Debug|Any CPU.Build.0 = Debug|x64
		{34884960-02C8-4885-B49F-3CD76DECE69A}.Debug|x86.ActiveCfg = Debug|Any CPU
		{34884960-02C8-4885-B49F-3CD76DECE69A}.Debug|x86.Build.0 = Debug|Any CPU
		{34884960-02C8-4885-B49F-3CD76DECE69A}.EPO-Release|Any CPU.ActiveCfg = EPO-Release|Any CPU
		{34884960-02C8-4885-B49F-3CD76DECE69A}.EPO-Release|Any CPU.Build.0 = EPO-Release|Any CPU
		{34884960-02C8-4885-B49F-3CD76DECE69A}.EPO-Release|x86.ActiveCfg = EPO-Release|Any CPU
		{34884960-02C8-4885-B49F-3CD76DECE69A}.EPO-Release|x86.Build.0 = EPO-Release|Any CPU
		{34884960-02C8-4885-B49F-3CD76DECE69A}.Intranet-Release|Any CPU.ActiveCfg = Intranet-Release|Any CPU
		{34884960-02C8-4885-B49F-3CD76DECE69A}.Intranet-Release|Any CPU.Build.0 = Intranet-Release|Any CPU
		{34884960-02C8-4885-B49F-3CD76DECE69A}.Intranet-Release|x86.ActiveCfg = Intranet-Release|Any CPU
		{34884960-02C8-4885-B49F-3CD76DECE69A}.Intranet-Release|x86.Build.0 = Intranet-Release|Any CPU
		{34884960-02C8-4885-B49F-3CD76DECE69A}.Release|Any CPU.ActiveCfg = Release|Any CPU
		{34884960-02C8-4885-B49F-3CD76DECE69A}.Release|Any CPU.Build.0 = Release|Any CPU
		{34884960-02C8-4885-B49F-3CD76DECE69A}.Release|x86.ActiveCfg = Release|Any CPU
		{34884960-02C8-4885-B49F-3CD76DECE69A}.Release|x86.Build.0 = Release|Any CPU
		{4128D554-085C-48FB-A3AE-3DC2110BB894}.Debug|Any CPU.ActiveCfg = Debug|x64
		{4128D554-085C-48FB-A3AE-3DC2110BB894}.Debug|Any CPU.Build.0 = Debug|x64
		{4128D554-085C-48FB-A3AE-3DC2110BB894}.Debug|x86.ActiveCfg = Debug|Any CPU
		{4128D554-085C-48FB-A3AE-3DC2110BB894}.Debug|x86.Build.0 = Debug|Any CPU
		{4128D554-085C-48FB-A3AE-3DC2110BB894}.EPO-Release|Any CPU.ActiveCfg = EPO-Release|Any CPU
		{4128D554-085C-48FB-A3AE-3DC2110BB894}.EPO-Release|Any CPU.Build.0 = EPO-Release|Any CPU
		{4128D554-085C-48FB-A3AE-3DC2110BB894}.EPO-Release|x86.ActiveCfg = EPO-Release|Any CPU
		{4128D554-085C-48FB-A3AE-3DC2110BB894}.EPO-Release|x86.Build.0 = EPO-Release|Any CPU
		{4128D554-085C-48FB-A3AE-3DC2110BB894}.Intranet-Release|Any CPU.ActiveCfg = Intranet-Release|Any CPU
		{4128D554-085C-48FB-A3AE-3DC2110BB894}.Intranet-Release|Any CPU.Build.0 = Intranet-Release|Any CPU
		{4128D554-085C-48FB-A3AE-3DC2110BB894}.Intranet-Release|x86.ActiveCfg = Intranet-Release|Any CPU
		{4128D554-085C-48FB-A3AE-3DC2110BB894}.Intranet-Release|x86.Build.0 = Intranet-Release|Any CPU
		{4128D554-085C-48FB-A3AE-3DC2110BB894}.Release|Any CPU.ActiveCfg = Release|Any CPU
		{4128D554-085C-48FB-A3AE-3DC2110BB894}.Release|Any CPU.Build.0 = Release|Any CPU
		{4128D554-085C-48FB-A3AE-3DC2110BB894}.Release|x86.ActiveCfg = Release|Any CPU
		{4128D554-085C-48FB-A3AE-3DC2110BB894}.Release|x86.Build.0 = Release|Any CPU
		{9D442FAC-D712-450F-B58D-65C16DC4FBA4}.Debug|Any CPU.ActiveCfg = Debug|x64
		{9D442FAC-D712-450F-B58D-65C16DC4FBA4}.Debug|x86.ActiveCfg = Debug|Any CPU
		{9D442FAC-D712-450F-B58D-65C16DC4FBA4}.Debug|x86.Build.0 = Debug|Any CPU
		{9D442FAC-D712-450F-B58D-65C16DC4FBA4}.EPO-Release|Any CPU.ActiveCfg = EPO-Release|Any CPU
		{9D442FAC-D712-450F-B58D-65C16DC4FBA4}.EPO-Release|x86.ActiveCfg = EPO-Release|Any CPU
		{9D442FAC-D712-450F-B58D-65C16DC4FBA4}.EPO-Release|x86.Build.0 = EPO-Release|Any CPU
		{9D442FAC-D712-450F-B58D-65C16DC4FBA4}.Intranet-Release|Any CPU.ActiveCfg = Intranet-Release|Any CPU
		{9D442FAC-D712-450F-B58D-65C16DC4FBA4}.Intranet-Release|Any CPU.Build.0 = Intranet-Release|Any CPU
		{9D442FAC-D712-450F-B58D-65C16DC4FBA4}.Intranet-Release|x86.ActiveCfg = Intranet-Release|Any CPU
		{9D442FAC-D712-450F-B58D-65C16DC4FBA4}.Intranet-Release|x86.Build.0 = Intranet-Release|Any CPU
		{9D442FAC-D712-450F-B58D-65C16DC4FBA4}.Release|Any CPU.ActiveCfg = Release|Any CPU
		{9D442FAC-D712-450F-B58D-65C16DC4FBA4}.Release|x86.ActiveCfg = Release|Any CPU
		{9D442FAC-D712-450F-B58D-65C16DC4FBA4}.Release|x86.Build.0 = Release|Any CPU
		{683322D9-A8D0-4C07-AB6F-2E58D52BFD76}.Debug|Any CPU.ActiveCfg = Debug|x64
		{683322D9-A8D0-4C07-AB6F-2E58D52BFD76}.Debug|Any CPU.Build.0 = Debug|x64
		{683322D9-A8D0-4C07-AB6F-2E58D52BFD76}.Debug|x86.ActiveCfg = Debug|Any CPU
		{683322D9-A8D0-4C07-AB6F-2E58D52BFD76}.Debug|x86.Build.0 = Debug|Any CPU
		{683322D9-A8D0-4C07-AB6F-2E58D52BFD76}.EPO-Release|Any CPU.ActiveCfg = EPO-Release|Any CPU
		{683322D9-A8D0-4C07-AB6F-2E58D52BFD76}.EPO-Release|Any CPU.Build.0 = EPO-Release|Any CPU
		{683322D9-A8D0-4C07-AB6F-2E58D52BFD76}.EPO-Release|x86.ActiveCfg = EPO-Release|Any CPU
		{683322D9-A8D0-4C07-AB6F-2E58D52BFD76}.EPO-Release|x86.Build.0 = EPO-Release|Any CPU
		{683322D9-A8D0-4C07-AB6F-2E58D52BFD76}.Intranet-Release|Any CPU.ActiveCfg = Intranet-Release|Any CPU
		{683322D9-A8D0-4C07-AB6F-2E58D52BFD76}.Intranet-Release|Any CPU.Build.0 = Intranet-Release|Any CPU
		{683322D9-A8D0-4C07-AB6F-2E58D52BFD76}.Intranet-Release|x86.ActiveCfg = Intranet-Release|Any CPU
		{683322D9-A8D0-4C07-AB6F-2E58D52BFD76}.Intranet-Release|x86.Build.0 = Intranet-Release|Any CPU
		{683322D9-A8D0-4C07-AB6F-2E58D52BFD76}.Release|Any CPU.ActiveCfg = Release|Any CPU
		{683322D9-A8D0-4C07-AB6F-2E58D52BFD76}.Release|Any CPU.Build.0 = Release|Any CPU
		{683322D9-A8D0-4C07-AB6F-2E58D52BFD76}.Release|x86.ActiveCfg = Release|Any CPU
		{683322D9-A8D0-4C07-AB6F-2E58D52BFD76}.Release|x86.Build.0 = Release|Any CPU
		{74EEF41E-0D45-41FB-8D61-57EDAC43815C}.Debug|Any CPU.ActiveCfg = Debug|x64
		{74EEF41E-0D45-41FB-8D61-57EDAC43815C}.Debug|Any CPU.Build.0 = Debug|x64
		{74EEF41E-0D45-41FB-8D61-57EDAC43815C}.Debug|x86.ActiveCfg = Debug|Any CPU
		{74EEF41E-0D45-41FB-8D61-57EDAC43815C}.Debug|x86.Build.0 = Debug|Any CPU
		{74EEF41E-0D45-41FB-8D61-57EDAC43815C}.EPO-Release|Any CPU.ActiveCfg = EPO-Release|Any CPU
		{74EEF41E-0D45-41FB-8D61-57EDAC43815C}.EPO-Release|Any CPU.Build.0 = EPO-Release|Any CPU
		{74EEF41E-0D45-41FB-8D61-57EDAC43815C}.EPO-Release|x86.ActiveCfg = EPO-Release|Any CPU
		{74EEF41E-0D45-41FB-8D61-57EDAC43815C}.EPO-Release|x86.Build.0 = EPO-Release|Any CPU
		{74EEF41E-0D45-41FB-8D61-57EDAC43815C}.Intranet-Release|Any CPU.ActiveCfg = Intranet-Release|Any CPU
		{74EEF41E-0D45-41FB-8D61-57EDAC43815C}.Intranet-Release|Any CPU.Build.0 = Intranet-Release|Any CPU
		{74EEF41E-0D45-41FB-8D61-57EDAC43815C}.Intranet-Release|x86.ActiveCfg = Intranet-Release|Any CPU
		{74EEF41E-0D45-41FB-8D61-57EDAC43815C}.Intranet-Release|x86.Build.0 = Intranet-Release|Any CPU
		{74EEF41E-0D45-41FB-8D61-57EDAC43815C}.Release|Any CPU.ActiveCfg = Release|Any CPU
		{74EEF41E-0D45-41FB-8D61-57EDAC43815C}.Release|Any CPU.Build.0 = Release|Any CPU
		{74EEF41E-0D45-41FB-8D61-57EDAC43815C}.Release|x86.ActiveCfg = Release|Any CPU
		{74EEF41E-0D45-41FB-8D61-57EDAC43815C}.Release|x86.Build.0 = Release|Any CPU
		{EFAF407E-E7CF-49DA-A95B-8A43E70E6FEA}.Debug|Any CPU.ActiveCfg = Debug|x64
		{EFAF407E-E7CF-49DA-A95B-8A43E70E6FEA}.Debug|Any CPU.Build.0 = Debug|x64
		{EFAF407E-E7CF-49DA-A95B-8A43E70E6FEA}.Debug|x86.ActiveCfg = Debug|Any CPU
		{EFAF407E-E7CF-49DA-A95B-8A43E70E6FEA}.Debug|x86.Build.0 = Debug|Any CPU
		{EFAF407E-E7CF-49DA-A95B-8A43E70E6FEA}.EPO-Release|Any CPU.ActiveCfg = EPO-Release|Any CPU
		{EFAF407E-E7CF-49DA-A95B-8A43E70E6FEA}.EPO-Release|Any CPU.Build.0 = EPO-Release|Any CPU
		{EFAF407E-E7CF-49DA-A95B-8A43E70E6FEA}.EPO-Release|x86.ActiveCfg = EPO-Release|Any CPU
		{EFAF407E-E7CF-49DA-A95B-8A43E70E6FEA}.EPO-Release|x86.Build.0 = EPO-Release|Any CPU
		{EFAF407E-E7CF-49DA-A95B-8A43E70E6FEA}.Intranet-Release|Any CPU.ActiveCfg = Intranet-Release|Any CPU
		{EFAF407E-E7CF-49DA-A95B-8A43E70E6FEA}.Intranet-Release|x86.ActiveCfg = Intranet-Release|Any CPU
		{EFAF407E-E7CF-49DA-A95B-8A43E70E6FEA}.Intranet-Release|x86.Build.0 = Intranet-Release|Any CPU
		{EFAF407E-E7CF-49DA-A95B-8A43E70E6FEA}.Release|Any CPU.ActiveCfg = Release|Any CPU
		{EFAF407E-E7CF-49DA-A95B-8A43E70E6FEA}.Release|Any CPU.Build.0 = Release|Any CPU
		{EFAF407E-E7CF-49DA-A95B-8A43E70E6FEA}.Release|x86.ActiveCfg = Release|Any CPU
		{EFAF407E-E7CF-49DA-A95B-8A43E70E6FEA}.Release|x86.Build.0 = Release|Any CPU
	EndGlobalSection
	GlobalSection(SolutionProperties) = preSolution
		HideSolutionNode = FALSE
	EndGlobalSection
	GlobalSection(ExtensibilityGlobals) = postSolution
		SolutionGuid = {CC5CE168-0E8D-4188-9E3C-9F814D5FEE94}
	EndGlobalSection
EndGlobal
